PODS:
  - FBSnapshotTestCase (1.4)
  - KIF (3.0.8):
    - KIF/XCTest (= 3.0.8)
  - KIF/XCTest (3.0.8)
  - SAMKeychain (1.5.2)

DEPENDENCIES:
  - FBSnapshotTestCase (= 1.4)
  - KIF (~> 3.0.8)
  - SAMKeychain

SPEC CHECKSUMS:
  FBSnapshotTestCase: 892508495a69e8703bab36c9da7674ff740d41db
  KIF: 3c2cb8e66fb216f9c3abcd714699411f0256f767
  SAMKeychain: 1865333198217411f35327e8da61b43de79b635b

PODFILE CHECKSUM: 322c49ab2dc3d6d45c5828a93b718d39a8bf49c8

COCOAPODS: 1.2.0
