PODS:
  - PureLayout (3.0.2)
  - SAMKeychain (1.5.3)
  - VENTouchLock (1.13.0):
    - SAMKeychain

DEPENDENCIES:
  - PureLayout
  - SAMKeychain
  - VENTouchLock (from `../`)

EXTERNAL SOURCES:
  VENTouchLock:
    :path: "../"

SPEC CHECKSUMS:
  PureLayout: 4d550abe49a94f24c2808b9b95db9131685fe4cd
  SAMKeychain: 483e1c9f32984d50ca961e26818a534283b4cd5c
  VENTouchLock: c35abc29c49576b8bd4635644a9de62444dee7ea

PODFILE CHECKSUM: 362b8b091156f8134d5c1f7bc5289832e982ce87

COCOAPODS: 1.2.1
