PODS:
  - KIF (3.2.2):
    - KIF/XCTest (= 3.2.2)
  - KIF/XCTest (3.2.2)
  - SAMKeychain (1.5.2)

DEPENDENCIES:
  - KIF (~> 3.0)
  - SAMKeychain

SPEC CHECKSUMS:
  KIF: b0bd762b0c7890b04920cf618021d6d4fd5127bd
  SAMKeychain: 1865333198217411f35327e8da61b43de79b635b

PODFILE CHECKSUM: 5c16bf254184af1c78b8ab47c451f3d3f1f99fcb

COCOAPODS: 1.2.0
